// !$*UTF8*$!
{
	archiveVersion = 1;
	classes = {
	};
	objectVersion = 50;
	objects = {

/* Begin PBXBuildFile section */
		6304E13B20CD055F00BFE5CC /* Protocol.swift in Sources */ = {isa = PBXBuildFile; fileRef = 6304E13A20CD055F00BFE5CC /* Protocol.swift */; };
		634D4C4E20D34A6400537772 /* ErrorHandling.swift in Sources */ = {isa = PBXBuildFile; fileRef = 634D4C4D20D34A6400537772 /* ErrorHandling.swift */; };
		634D4C7520D3BCE000537772 /* CodableSerialization.swift in Sources */ = {isa = PBXBuildFile; fileRef = 634D4C7420D3BCE000537772 /* CodableSerialization.swift */; };
		634D4C7720D42C5400537772 /* AsynchronousClosureAndMemoryManagement.swift in Sources */ = {isa = PBXBuildFile; fileRef = 634D4C7620D42C5400537772 /* AsynchronousClosureAndMemoryManagement.swift */; };
		636BE70620CBBCA5000F4172 /* AppDelegate.swift in Sources */ = {isa = PBXBuildFile; fileRef = 636BE70520CBBCA5000F4172 /* AppDelegate.swift */; };
		636BE70820CBBCA5000F4172 /* ViewController.swift in Sources */ = {isa = PBXBuildFile; fileRef = 636BE70720CBBCA5000F4172 /* ViewController.swift */; };
		636BE70B20CBBCA5000F4172 /* Main.storyboard in Resources */ = {isa = PBXBuildFile; fileRef = 636BE70920CBBCA5000F4172 /* Main.storyboard */; };
		636BE70D20CBBCA7000F4172 /* Assets.xcassets in Resources */ = {isa = PBXBuildFile; fileRef = 636BE70C20CBBCA7000F4172 /* Assets.xcassets */; };
		636BE71020CBBCA7000F4172 /* LaunchScreen.storyboard in Resources */ = {isa = PBXBuildFile; fileRef = 636BE70E20CBBCA7000F4172 /* LaunchScreen.storyboard */; };
		636BE71820CBBFB6000F4172 /* Enum.swift in Sources */ = {isa = PBXBuildFile; fileRef = 636BE71720CBBFB6000F4172 /* Enum.swift */; };
		6374FEC620CFC0A5005F0C5B /* AccessControl.swift in Sources */ = {isa = PBXBuildFile; fileRef = 6374FEC520CFC0A5005F0C5B /* AccessControl.swift */; };
		637E995D20D23BD200C329AA /* SubscriptsKeypaths.swift in Sources */ = {isa = PBXBuildFile; fileRef = 637E995C20D23BD200C329AA /* SubscriptsKeypaths.swift */; };
		637F66E520D6AD6400711F15 /* ValueTypesAndValueSemantics.swift in Sources */ = {isa = PBXBuildFile; fileRef = 637F66E420D6AD6400711F15 /* ValueTypesAndValueSemantics.swift */; };
		637F66E720D8E63300711F15 /* ProtocolOrientedProgramming.swift in Sources */ = {isa = PBXBuildFile; fileRef = 637F66E620D8E63300711F15 /* ProtocolOrientedProgramming.swift */; };
		63B54CC220D2590200DC591A /* PatternMatching.swift in Sources */ = {isa = PBXBuildFile; fileRef = 63B54CC120D2590200DC591A /* PatternMatching.swift */; };
		63D0232120CE7241007470DE /* Generics.swift in Sources */ = {isa = PBXBuildFile; fileRef = 63D0232020CE7241007470DE /* Generics.swift */; };
		63FC619720D0FC22001DCDD0 /* Characters.swift in Sources */ = {isa = PBXBuildFile; fileRef = 63FC619620D0FC22001DCDD0 /* Characters.swift */; };
		63FC61A420D1105D001DCDD0 /* CustomOperators.swift in Sources */ = {isa = PBXBuildFile; fileRef = 63FC61A320D1105D001DCDD0 /* CustomOperators.swift */; };
/* End PBXBuildFile section */

/* Begin PBXFileReference section */
		6304E13A20CD055F00BFE5CC /* Protocol.swift */ = {isa = PBXFileReference; lastKnownFileType = sourcecode.swift; path = Protocol.swift; sourceTree = "<group>"; };
		634D4C4D20D34A6400537772 /* ErrorHandling.swift */ = {isa = PBXFileReference; lastKnownFileType = sourcecode.swift; path = ErrorHandling.swift; sourceTree = "<group>"; };
		634D4C7420D3BCE000537772 /* CodableSerialization.swift */ = {isa = PBXFileReference; lastKnownFileType = sourcecode.swift; path = CodableSerialization.swift; sourceTree = "<group>"; };
		634D4C7620D42C5400537772 /* AsynchronousClosureAndMemoryManagement.swift */ = {isa = PBXFileReference; lastKnownFileType = sourcecode.swift; path = AsynchronousClosureAndMemoryManagement.swift; sourceTree = "<group>"; };
		636BE70220CBBCA5000F4172 /* Swift基础学习.app */ = {isa = PBXFileReference; explicitFileType = wrapper.application; includeInIndex = 0; path = "Swift基础学习.app"; sourceTree = BUILT_PRODUCTS_DIR; };
		636BE70520CBBCA5000F4172 /* AppDelegate.swift */ = {isa = PBXFileReference; lastKnownFileType = sourcecode.swift; path = AppDelegate.swift; sourceTree = "<group>"; };
		636BE70720CBBCA5000F4172 /* ViewController.swift */ = {isa = PBXFileReference; lastKnownFileType = sourcecode.swift; path = ViewController.swift; sourceTree = "<group>"; };
		636BE70A20CBBCA5000F4172 /* Base */ = {isa = PBXFileReference; lastKnownFileType = file.storyboard; name = Base; path = Base.lproj/Main.storyboard; sourceTree = "<group>"; };
		636BE70C20CBBCA7000F4172 /* Assets.xcassets */ = {isa = PBXFileReference; lastKnownFileType = folder.assetcatalog; path = Assets.xcassets; sourceTree = "<group>"; };
		636BE70F20CBBCA7000F4172 /* Base */ = {isa = PBXFileReference; lastKnownFileType = file.storyboard; name = Base; path = Base.lproj/LaunchScreen.storyboard; sourceTree = "<group>"; };
		636BE71120CBBCA7000F4172 /* Info.plist */ = {isa = PBXFileReference; lastKnownFileType = text.plist.xml; path = Info.plist; sourceTree = "<group>"; };
		636BE71720CBBFB6000F4172 /* Enum.swift */ = {isa = PBXFileReference; lastKnownFileType = sourcecode.swift; path = Enum.swift; sourceTree = "<group>"; };
		6374FEC520CFC0A5005F0C5B /* AccessControl.swift */ = {isa = PBXFileReference; lastKnownFileType = sourcecode.swift; path = AccessControl.swift; sourceTree = "<group>"; };
		637E995C20D23BD200C329AA /* SubscriptsKeypaths.swift */ = {isa = PBXFileReference; lastKnownFileType = sourcecode.swift; path = SubscriptsKeypaths.swift; sourceTree = "<group>"; };
		637F66E420D6AD6400711F15 /* ValueTypesAndValueSemantics.swift */ = {isa = PBXFileReference; lastKnownFileType = sourcecode.swift; path = ValueTypesAndValueSemantics.swift; sourceTree = "<group>"; };
		637F66E620D8E63300711F15 /* ProtocolOrientedProgramming.swift */ = {isa = PBXFileReference; lastKnownFileType = sourcecode.swift; path = ProtocolOrientedProgramming.swift; sourceTree = "<group>"; };
		63B54CC120D2590200DC591A /* PatternMatching.swift */ = {isa = PBXFileReference; lastKnownFileType = sourcecode.swift; path = PatternMatching.swift; sourceTree = "<group>"; };
		63D0232020CE7241007470DE /* Generics.swift */ = {isa = PBXFileReference; lastKnownFileType = sourcecode.swift; path = Generics.swift; sourceTree = "<group>"; };
		63FC619620D0FC22001DCDD0 /* Characters.swift */ = {isa = PBXFileReference; lastKnownFileType = sourcecode.swift; path = Characters.swift; sourceTree = "<group>"; };
		63FC61A320D1105D001DCDD0 /* CustomOperators.swift */ = {isa = PBXFileReference; lastKnownFileType = sourcecode.swift; path = CustomOperators.swift; sourceTree = "<group>"; };
/* End PBXFileReference section */

/* Begin PBXFrameworksBuildPhase section */
		636BE6FF20CBBCA5000F4172 /* Frameworks */ = {
			isa = PBXFrameworksBuildPhase;
			buildActionMask = 2147483647;
			files = (
			);
			runOnlyForDeploymentPostprocessing = 0;
		};
/* End PBXFrameworksBuildPhase section */

/* Begin PBXGroup section */
		636BE6F920CBBCA4000F4172 = {
			isa = PBXGroup;
			children = (
				636BE70420CBBCA5000F4172 /* Swift基础学习 */,
				636BE70320CBBCA5000F4172 /* Products */,
			);
			sourceTree = "<group>";
		};
		636BE70320CBBCA5000F4172 /* Products */ = {
			isa = PBXGroup;
			children = (
				636BE70220CBBCA5000F4172 /* Swift基础学习.app */,
			);
			name = Products;
			sourceTree = "<group>";
		};
		636BE70420CBBCA5000F4172 /* Swift基础学习 */ = {
			isa = PBXGroup;
			children = (
				636BE70520CBBCA5000F4172 /* AppDelegate.swift */,
				636BE70720CBBCA5000F4172 /* ViewController.swift */,
				636BE71720CBBFB6000F4172 /* Enum.swift */,
				6304E13A20CD055F00BFE5CC /* Protocol.swift */,
				63D0232020CE7241007470DE /* Generics.swift */,
				6374FEC520CFC0A5005F0C5B /* AccessControl.swift */,
				63FC61A320D1105D001DCDD0 /* CustomOperators.swift */,
				637E995C20D23BD200C329AA /* SubscriptsKeypaths.swift */,
				63FC619620D0FC22001DCDD0 /* Characters.swift */,
				63B54CC120D2590200DC591A /* PatternMatching.swift */,
				634D4C4D20D34A6400537772 /* ErrorHandling.swift */,
				634D4C7420D3BCE000537772 /* CodableSerialization.swift */,
				634D4C7620D42C5400537772 /* AsynchronousClosureAndMemoryManagement.swift */,
				637F66E420D6AD6400711F15 /* ValueTypesAndValueSemantics.swift */,
				637F66E620D8E63300711F15 /* ProtocolOrientedProgramming.swift */,
				636BE70920CBBCA5000F4172 /* Main.storyboard */,
				636BE70C20CBBCA7000F4172 /* Assets.xcassets */,
				636BE70E20CBBCA7000F4172 /* LaunchScreen.storyboard */,
				636BE71120CBBCA7000F4172 /* Info.plist */,
			);
			path = "Swift基础学习";
			sourceTree = "<group>";
		};
/* End PBXGroup section */

/* Begin PBXNativeTarget section */
		636BE70120CBBCA5000F4172 /* Swift基础学习 */ = {
			isa = PBXNativeTarget;
			buildConfigurationList = 636BE71420CBBCA7000F4172 /* Build configuration list for PBXNativeTarget "Swift基础学习" */;
			buildPhases = (
				636BE6FE20CBBCA5000F4172 /* Sources */,
				636BE6FF20CBBCA5000F4172 /* Frameworks */,
				636BE70020CBBCA5000F4172 /* Resources */,
			);
			buildRules = (
			);
			dependencies = (
			);
			name = "Swift基础学习";
			productName = "Swift基础学习";
			productReference = 636BE70220CBBCA5000F4172 /* Swift基础学习.app */;
			productType = "com.apple.product-type.application";
		};
/* End PBXNativeTarget section */

/* Begin PBXProject section */
		636BE6FA20CBBCA4000F4172 /* Project object */ = {
			isa = PBXProject;
			attributes = {
				LastSwiftUpdateCheck = 0940;
				LastUpgradeCheck = 0940;
				ORGANIZATIONNAME = Lincoln;
				TargetAttributes = {
					636BE70120CBBCA5000F4172 = {
						CreatedOnToolsVersion = 9.4;
					};
				};
			};
			buildConfigurationList = 636BE6FD20CBBCA4000F4172 /* Build configuration list for PBXProject "Swift基础学习" */;
			compatibilityVersion = "Xcode 9.3";
			developmentRegion = en;
			hasScannedForEncodings = 0;
			knownRegions = (
				en,
				Base,
			);
			mainGroup = 636BE6F920CBBCA4000F4172;
			productRefGroup = 636BE70320CBBCA5000F4172 /* Products */;
			projectDirPath = "";
			projectRoot = "";
			targets = (
				636BE70120CBBCA5000F4172 /* Swift基础学习 */,
			);
		};
/* End PBXProject section */

/* Begin PBXResourcesBuildPhase section */
		636BE70020CBBCA5000F4172 /* Resources */ = {
			isa = PBXResourcesBuildPhase;
			buildActionMask = 2147483647;
			files = (
				636BE71020CBBCA7000F4172 /* LaunchScreen.storyboard in Resources */,
				636BE70D20CBBCA7000F4172 /* Assets.xcassets in Resources */,
				636BE70B20CBBCA5000F4172 /* Main.storyboard in Resources */,
			);
			runOnlyForDeploymentPostprocessing = 0;
		};
/* End PBXResourcesBuildPhase section */

/* Begin PBXSourcesBuildPhase section */
		636BE6FE20CBBCA5000F4172 /* Sources */ = {
			isa = PBXSourcesBuildPhase;
			buildActionMask = 2147483647;
			files = (
				636BE70820CBBCA5000F4172 /* ViewController.swift in Sources */,
				63FC619720D0FC22001DCDD0 /* Characters.swift in Sources */,
				636BE70620CBBCA5000F4172 /* AppDelegate.swift in Sources */,
				63B54CC220D2590200DC591A /* PatternMatching.swift in Sources */,
				63D0232120CE7241007470DE /* Generics.swift in Sources */,
				636BE71820CBBFB6000F4172 /* Enum.swift in Sources */,
				634D4C7720D42C5400537772 /* AsynchronousClosureAndMemoryManagement.swift in Sources */,
				634D4C4E20D34A6400537772 /* ErrorHandling.swift in Sources */,
				637E995D20D23BD200C329AA /* SubscriptsKeypaths.swift in Sources */,
				6304E13B20CD055F00BFE5CC /* Protocol.swift in Sources */,
				634D4C7520D3BCE000537772 /* CodableSerialization.swift in Sources */,
				637F66E720D8E63300711F15 /* ProtocolOrientedProgramming.swift in Sources */,
				637F66E520D6AD6400711F15 /* ValueTypesAndValueSemantics.swift in Sources */,
				6374FEC620CFC0A5005F0C5B /* AccessControl.swift in Sources */,
				63FC61A420D1105D001DCDD0 /* CustomOperators.swift in Sources */,
			);
			runOnlyForDeploymentPostprocessing = 0;
		};
/* End PBXSourcesBuildPhase section */

/* Begin PBXVariantGroup section */
		636BE70920CBBCA5000F4172 /* Main.storyboard */ = {
			isa = PBXVariantGroup;
			children = (
				636BE70A20CBBCA5000F4172 /* Base */,
			);
			name = Main.storyboard;
			sourceTree = "<group>";
		};
		636BE70E20CBBCA7000F4172 /* LaunchScreen.storyboard */ = {
			isa = PBXVariantGroup;
			children = (
				636BE70F20CBBCA7000F4172 /* Base */,
			);
			name = LaunchScreen.storyboard;
			sourceTree = "<group>";
		};
/* End PBXVariantGroup section */

/* Begin XCBuildConfiguration section */
		636BE71220CBBCA7000F4172 /* Debug */ = {
			isa = XCBuildConfiguration;
			buildSettings = {
				ALWAYS_SEARCH_USER_PATHS = NO;
				CLANG_ANALYZER_NONNULL = YES;
				CLANG_ANALYZER_NUMBER_OBJECT_CONVERSION = YES_AGGRESSIVE;
				CLANG_CXX_LANGUAGE_STANDARD = "gnu++14";
				CLANG_CXX_LIBRARY = "libc++";
				CLANG_ENABLE_MODULES = YES;
				CLANG_ENABLE_OBJC_ARC = YES;
				CLANG_ENABLE_OBJC_WEAK = YES;
				CLANG_WARN_BLOCK_CAPTURE_AUTORELEASING = YES;
				CLANG_WARN_BOOL_CONVERSION = YES;
				CLANG_WARN_COMMA = YES;
				CLANG_WARN_CONSTANT_CONVERSION = YES;
				CLANG_WARN_DEPRECATED_OBJC_IMPLEMENTATIONS = YES;
				CLANG_WARN_DIRECT_OBJC_ISA_USAGE = YES_ERROR;
				CLANG_WARN_DOCUMENTATION_COMMENTS = YES;
				CLANG_WARN_EMPTY_BODY = YES;
				CLANG_WARN_ENUM_CONVERSION = YES;
				CLANG_WARN_INFINITE_RECURSION = YES;
				CLANG_WARN_INT_CONVERSION = YES;
				CLANG_WARN_NON_LITERAL_NULL_CONVERSION = YES;
				CLANG_WARN_OBJC_IMPLICIT_RETAIN_SELF = YES;
				CLANG_WARN_OBJC_LITERAL_CONVERSION = YES;
				CLANG_WARN_OBJC_ROOT_CLASS = YES_ERROR;
				CLANG_WARN_RANGE_LOOP_ANALYSIS = YES;
				CLANG_WARN_STRICT_PROTOTYPES = YES;
				CLANG_WARN_SUSPICIOUS_MOVE = YES;
				CLANG_WARN_UNGUARDED_AVAILABILITY = YES_AGGRESSIVE;
				CLANG_WARN_UNREACHABLE_CODE = YES;
				CLANG_WARN__DUPLICATE_METHOD_MATCH = YES;
				CODE_SIGN_IDENTITY = "iPhone Developer";
				COPY_PHASE_STRIP = NO;
				DEBUG_INFORMATION_FORMAT = dwarf;
				ENABLE_STRICT_OBJC_MSGSEND = YES;
				ENABLE_TESTABILITY = YES;
				GCC_C_LANGUAGE_STANDARD = gnu11;
				GCC_DYNAMIC_NO_PIC = NO;
				GCC_NO_COMMON_BLOCKS = YES;
				GCC_OPTIMIZATION_LEVEL = 0;
				GCC_PREPROCESSOR_DEFINITIONS = (
					"DEBUG=1",
					"$(inherited)",
				);
				GCC_WARN_64_TO_32_BIT_CONVERSION = YES;
				GCC_WARN_ABOUT_RETURN_TYPE = YES_ERROR;
				GCC_WARN_UNDECLARED_SELECTOR = YES;
				GCC_WARN_UNINITIALIZED_AUTOS = YES_AGGRESSIVE;
				GCC_WARN_UNUSED_FUNCTION = YES;
				GCC_WARN_UNUSED_VARIABLE = YES;
				IPHONEOS_DEPLOYMENT_TARGET = 11.4;
				MTL_ENABLE_DEBUG_INFO = YES;
				ONLY_ACTIVE_ARCH = YES;
				SDKROOT = iphoneos;
				SWIFT_ACTIVE_COMPILATION_CONDITIONS = DEBUG;
				SWIFT_OPTIMIZATION_LEVEL = "-Onone";
			};
			name = Debug;
		};
		636BE71320CBBCA7000F4172 /* Release */ = {
			isa = XCBuildConfiguration;
			buildSettings = {
				ALWAYS_SEARCH_USER_PATHS = NO;
				CLANG_ANALYZER_NONNULL = YES;
				CLANG_ANALYZER_NUMBER_OBJECT_CONVERSION = YES_AGGRESSIVE;
				CLANG_CXX_LANGUAGE_STANDARD = "gnu++14";
				CLANG_CXX_LIBRARY = "libc++";
				CLANG_ENABLE_MODULES = YES;
				CLANG_ENABLE_OBJC_ARC = YES;
				CLANG_ENABLE_OBJC_WEAK = YES;
				CLANG_WARN_BLOCK_CAPTURE_AUTORELEASING = YES;
				CLANG_WARN_BOOL_CONVERSION = YES;
				CLANG_WARN_COMMA = YES;
				CLANG_WARN_CONSTANT_CONVERSION = YES;
				CLANG_WARN_DEPRECATED_OBJC_IMPLEMENTATIONS = YES;
				CLANG_WARN_DIRECT_OBJC_ISA_USAGE = YES_ERROR;
				CLANG_WARN_DOCUMENTATION_COMMENTS = YES;
				CLANG_WARN_EMPTY_BODY = YES;
				CLANG_WARN_ENUM_CONVERSION = YES;
				CLANG_WARN_INFINITE_RECURSION = YES;
				CLANG_WARN_INT_CONVERSION = YES;
				CLANG_WARN_NON_LITERAL_NULL_CONVERSION = YES;
				CLANG_WARN_OBJC_IMPLICIT_RETAIN_SELF = YES;
				CLANG_WARN_OBJC_LITERAL_CONVERSION = YES;
				CLANG_WARN_OBJC_ROOT_CLASS = YES_ERROR;
				CLANG_WARN_RANGE_LOOP_ANALYSIS = YES;
				CLANG_WARN_STRICT_PROTOTYPES = YES;
				CLANG_WARN_SUSPICIOUS_MOVE = YES;
				CLANG_WARN_UNGUARDED_AVAILABILITY = YES_AGGRESSIVE;
				CLANG_WARN_UNREACHABLE_CODE = YES;
				CLANG_WARN__DUPLICATE_METHOD_MATCH = YES;
				CODE_SIGN_IDENTITY = "iPhone Developer";
				COPY_PHASE_STRIP = NO;
				DEBUG_INFORMATION_FORMAT = "dwarf-with-dsym";
				ENABLE_NS_ASSERTIONS = NO;
				ENABLE_STRICT_OBJC_MSGSEND = YES;
				GCC_C_LANGUAGE_STANDARD = gnu11;
				GCC_NO_COMMON_BLOCKS = YES;
				GCC_WARN_64_TO_32_BIT_CONVERSION = YES;
				GCC_WARN_ABOUT_RETURN_TYPE = YES_ERROR;
				GCC_WARN_UNDECLARED_SELECTOR = YES;
				GCC_WARN_UNINITIALIZED_AUTOS = YES_AGGRESSIVE;
				GCC_WARN_UNUSED_FUNCTION = YES;
				GCC_WARN_UNUSED_VARIABLE = YES;
				IPHONEOS_DEPLOYMENT_TARGET = 11.4;
				MTL_ENABLE_DEBUG_INFO = NO;
				SDKROOT = iphoneos;
				SWIFT_COMPILATION_MODE = wholemodule;
				SWIFT_OPTIMIZATION_LEVEL = "-O";
				VALIDATE_PRODUCT = YES;
			};
			name = Release;
		};
		636BE71520CBBCA7000F4172 /* Debug */ = {
			isa = XCBuildConfiguration;
			buildSettings = {
				ASSETCATALOG_COMPILER_APPICON_NAME = AppIcon;
				CODE_SIGN_STYLE = Automatic;
				DEVELOPMENT_TEAM = WDEP8HYVGK;
				INFOPLIST_FILE = "Swift基础学习/Info.plist";
				LD_RUNPATH_SEARCH_PATHS = (
					"$(inherited)",
					"@executable_path/Frameworks",
				);
				PRODUCT_BUNDLE_IDENTIFIER = "com.swiftbasic.learning.Swift----";
				PRODUCT_NAME = "$(TARGET_NAME)";
				SWIFT_VERSION = 4.0;
				TARGETED_DEVICE_FAMILY = "1,2";
			};
			name = Debug;
		};
		636BE71620CBBCA7000F4172 /* Release */ = {
			isa = XCBuildConfiguration;
			buildSettings = {
				ASSETCATALOG_COMPILER_APPICON_NAME = AppIcon;
				CODE_SIGN_STYLE = Automatic;
				DEVELOPMENT_TEAM = WDEP8HYVGK;
				INFOPLIST_FILE = "Swift基础学习/Info.plist";
				LD_RUNPATH_SEARCH_PATHS = (
					"$(inherited)",
					"@executable_path/Frameworks",
				);
				PRODUCT_BUNDLE_IDENTIFIER = "com.swiftbasic.learning.Swift----";
				PRODUCT_NAME = "$(TARGET_NAME)";
				SWIFT_VERSION = 4.0;
				TARGETED_DEVICE_FAMILY = "1,2";
			};
			name = Release;
		};
/* End XCBuildConfiguration section */

/* Begin XCConfigurationList section */
		636BE6FD20CBBCA4000F4172 /* Build configuration list for PBXProject "Swift基础学习" */ = {
			isa = XCConfigurationList;
			buildConfigurations = (
				636BE71220CBBCA7000F4172 /* Debug */,
				636BE71320CBBCA7000F4172 /* Release */,
			);
			defaultConfigurationIsVisible = 0;
			defaultConfigurationName = Release;
		};
		636BE71420CBBCA7000F4172 /* Build configuration list for PBXNativeTarget "Swift基础学习" */ = {
			isa = XCConfigurationList;
			buildConfigurations = (
				636BE71520CBBCA7000F4172 /* Debug */,
				636BE71620CBBCA7000F4172 /* Release */,
			);
			defaultConfigurationIsVisible = 0;
			defaultConfigurationName = Release;
		};
/* End XCConfigurationList section */
	};
	rootObject = 636BE6FA20CBBCA4000F4172 /* Project object */;
}
